// !$*UTF8*$!
{
	archiveVersion = 1;
	classes = {
	};
	objectVersion = 50;
	objects = {

/* Begin PBXBuildFile section */
		3D582AE22844A16400DC76C1 /* AppDelegate.swift in Sources */ = {isa = PBXBuildFile; fileRef = 3D582AE12844A16400DC76C1 /* AppDelegate.swift */; };
		3D582AE42844A16400DC76C1 /* SceneDelegate.swift in Sources */ = {isa = PBXBuildFile; fileRef = 3D582AE32844A16400DC76C1 /* SceneDelegate.swift */; };
		3D582AE62844A16400DC76C1 /* ViewController.swift in Sources */ = {isa = PBXBuildFile; fileRef = 3D582AE52844A16400DC76C1 /* ViewController.swift */; };
		3D582AE92844A16400DC76C1 /* Main.storyboard in Resources */ = {isa = PBXBuildFile; fileRef = 3D582AE72844A16400DC76C1 /* Main.storyboard */; };
		3D582AEC2844A16400DC76C1 /* SelectionAlertView.xcdatamodeld in Sources */ = {isa = PBXBuildFile; fileRef = 3D582AEA2844A16400DC76C1 /* SelectionAlertView.xcdatamodeld */; };
		3D582AEE2844A16700DC76C1 /* Assets.xcassets in Resources */ = {isa = PBXBuildFile; fileRef = 3D582AED2844A16700DC76C1 /* Assets.xcassets */; };
		3D582AF12844A16700DC76C1 /* LaunchScreen.storyboard in Resources */ = {isa = PBXBuildFile; fileRef = 3D582AEF2844A16700DC76C1 /* LaunchScreen.storyboard */; };
		3D582AFC2844A16700DC76C1 /* SelectionAlertViewTests.swift in Sources */ = {isa = PBXBuildFile; fileRef = 3D582AFB2844A16700DC76C1 /* SelectionAlertViewTests.swift */; };
		3D582B072844A16700DC76C1 /* SelectionAlertViewUITests.swift in Sources */ = {isa = PBXBuildFile; fileRef = 3D582B062844A16700DC76C1 /* SelectionAlertViewUITests.swift */; };
/* End PBXBuildFile section */

/* Begin PBXContainerItemProxy section */
		3D582AF82844A16700DC76C1 /* PBXContainerItemProxy */ = {
			isa = PBXContainerItemProxy;
			containerPortal = 3D582AD62844A16400DC76C1 /* Project object */;
			proxyType = 1;
			remoteGlobalIDString = 3D582ADD2844A16400DC76C1;
			remoteInfo = SelectionAlertView;
		};
		3D582B032844A16700DC76C1 /* PBXContainerItemProxy */ = {
			isa = PBXContainerItemProxy;
			containerPortal = 3D582AD62844A16400DC76C1 /* Project object */;
			proxyType = 1;
			remoteGlobalIDString = 3D582ADD2844A16400DC76C1;
			remoteInfo = SelectionAlertView;
		};
/* End PBXContainerItemProxy section */

/* Begin PBXFileReference section */
		3D582ADE2844A16400DC76C1 /* SelectionAlertView.app */ = {isa = PBXFileReference; explicitFileType = wrapper.application; includeInIndex = 0; path = SelectionAlertView.app; sourceTree = BUILT_PRODUCTS_DIR; };
		3D582AE12844A16400DC76C1 /* AppDelegate.swift */ = {isa = PBXFileReference; lastKnownFileType = sourcecode.swift; path = AppDelegate.swift; sourceTree = "<group>"; };
		3D582AE32844A16400DC76C1 /* SceneDelegate.swift */ = {isa = PBXFileReference; lastKnownFileType = sourcecode.swift; path = SceneDelegate.swift; sourceTree = "<group>"; };
		3D582AE52844A16400DC76C1 /* ViewController.swift */ = {isa = PBXFileReference; lastKnownFileType = sourcecode.swift; path = ViewController.swift; sourceTree = "<group>"; };
		3D582AE82844A16400DC76C1 /* Base */ = {isa = PBXFileReference; lastKnownFileType = file.storyboard; name = Base; path = Base.lproj/Main.storyboard; sourceTree = "<group>"; };
		3D582AEB2844A16400DC76C1 /* SelectionAlertView.xcdatamodel */ = {isa = PBXFileReference; lastKnownFileType = wrapper.xcdatamodel; path = SelectionAlertView.xcdatamodel; sourceTree = "<group>"; };
		3D582AED2844A16700DC76C1 /* Assets.xcassets */ = {isa = PBXFileReference; lastKnownFileType = folder.assetcatalog; path = Assets.xcassets; sourceTree = "<group>"; };
		3D582AF02844A16700DC76C1 /* Base */ = {isa = PBXFileReference; lastKnownFileType = file.storyboard; name = Base; path = Base.lproj/LaunchScreen.storyboard; sourceTree = "<group>"; };
		3D582AF22844A16700DC76C1 /* Info.plist */ = {isa = PBXFileReference; lastKnownFileType = text.plist.xml; path = Info.plist; sourceTree = "<group>"; };
		3D582AF72844A16700DC76C1 /* SelectionAlertViewTests.xctest */ = {isa = PBXFileReference; explicitFileType = wrapper.cfbundle; includeInIndex = 0; path = SelectionAlertViewTests.xctest; sourceTree = BUILT_PRODUCTS_DIR; };
		3D582AFB2844A16700DC76C1 /* SelectionAlertViewTests.swift */ = {isa = PBXFileReference; lastKnownFileType = sourcecode.swift; path = SelectionAlertViewTests.swift; sourceTree = "<group>"; };
		3D582AFD2844A16700DC76C1 /* Info.plist */ = {isa = PBXFileReference; lastKnownFileType = text.plist.xml; path = Info.plist; sourceTree = "<group>"; };
		3D582B022844A16700DC76C1 /* SelectionAlertViewUITests.xctest */ = {isa = PBXFileReference; explicitFileType = wrapper.cfbundle; includeInIndex = 0; path = SelectionAlertViewUITests.xctest; sourceTree = BUILT_PRODUCTS_DIR; };
		3D582B062844A16700DC76C1 /* SelectionAlertViewUITests.swift */ = {isa = PBXFileReference; lastKnownFileType = sourcecode.swift; path = SelectionAlertViewUITests.swift; sourceTree = "<group>"; };
		3D582B082844A16700DC76C1 /* Info.plist */ = {isa = PBXFileReference; lastKnownFileType = text.plist.xml; path = Info.plist; sourceTree = "<group>"; };
/* End PBXFileReference section */

/* Begin PBXFrameworksBuildPhase section */
		3D582ADB2844A16400DC76C1 /* Frameworks */ = {
			isa = PBXFrameworksBuildPhase;
			buildActionMask = 2147483647;
			files = (
			);
			runOnlyForDeploymentPostprocessing = 0;
		};
		3D582AF42844A16700DC76C1 /* Frameworks */ = {
			isa = PBXFrameworksBuildPhase;
			buildActionMask = 2147483647;
			files = (
			);
			runOnlyForDeploymentPostprocessing = 0;
		};
		3D582AFF2844A16700DC76C1 /* Frameworks */ = {
			isa = PBXFrameworksBuildPhase;
			buildActionMask = 2147483647;
			files = (
			);
			runOnlyForDeploymentPostprocessing = 0;
		};
/* End PBXFrameworksBuildPhase section */

/* Begin PBXGroup section */
		3D582AD52844A16400DC76C1 = {
			isa = PBXGroup;
			children = (
				3D582AE02844A16400DC76C1 /* SelectionAlertView */,
				3D582AFA2844A16700DC76C1 /* SelectionAlertViewTests */,
				3D582B052844A16700DC76C1 /* SelectionAlertViewUITests */,
				3D582ADF2844A16400DC76C1 /* Products */,
			);
			sourceTree = "<group>";
		};
		3D582ADF2844A16400DC76C1 /* Products */ = {
			isa = PBXGroup;
			children = (
				3D582ADE2844A16400DC76C1 /* SelectionAlertView.app */,
				3D582AF72844A16700DC76C1 /* SelectionAlertViewTests.xctest */,
				3D582B022844A16700DC76C1 /* SelectionAlertViewUITests.xctest */,
			);
			name = Products;
			sourceTree = "<group>";
		};
		3D582AE02844A16400DC76C1 /* SelectionAlertView */ = {
			isa = PBXGroup;
			children = (
				3D582AE12844A16400DC76C1 /* AppDelegate.swift */,
				3D582AE32844A16400DC76C1 /* SceneDelegate.swift */,
				3D582AE52844A16400DC76C1 /* ViewController.swift */,
				3D582AE72844A16400DC76C1 /* Main.storyboard */,
				3D582AED2844A16700DC76C1 /* Assets.xcassets */,
				3D582AEF2844A16700DC76C1 /* LaunchScreen.storyboard */,
				3D582AF22844A16700DC76C1 /* Info.plist */,
				3D582AEA2844A16400DC76C1 /* SelectionAlertView.xcdatamodeld */,
			);
			path = SelectionAlertView;
			sourceTree = "<group>";
		};
		3D582AFA2844A16700DC76C1 /* SelectionAlertViewTests */ = {
			isa = PBXGroup;
			children = (
				3D582AFB2844A16700DC76C1 /* SelectionAlertViewTests.swift */,
				3D582AFD2844A16700DC76C1 /* Info.plist */,
			);
			path = SelectionAlertViewTests;
			sourceTree = "<group>";
		};
		3D582B052844A16700DC76C1 /* SelectionAlertViewUITests */ = {
			isa = PBXGroup;
			children = (
				3D582B062844A16700DC76C1 /* SelectionAlertViewUITests.swift */,
				3D582B082844A16700DC76C1 /* Info.plist */,
			);
			path = SelectionAlertViewUITests;
			sourceTree = "<group>";
		};
/* End PBXGroup section */

/* Begin PBXNativeTarget section */
		3D582ADD2844A16400DC76C1 /* SelectionAlertView */ = {
			isa = PBXNativeTarget;
			buildConfigurationList = 3D582B0B2844A16800DC76C1 /* Build configuration list for PBXNativeTarget "SelectionAlertView" */;
			buildPhases = (
				3D582ADA2844A16400DC76C1 /* Sources */,
				3D582ADB2844A16400DC76C1 /* Frameworks */,
				3D582ADC2844A16400DC76C1 /* Resources */,
			);
			buildRules = (
			);
			dependencies = (
			);
			name = SelectionAlertView;
			productName = SelectionAlertView;
			productReference = 3D582ADE2844A16400DC76C1 /* SelectionAlertView.app */;
			productType = "com.apple.product-type.application";
		};
		3D582AF62844A16700DC76C1 /* SelectionAlertViewTests */ = {
			isa = PBXNativeTarget;
			buildConfigurationList = 3D582B0E2844A16800DC76C1 /* Build configuration list for PBXNativeTarget "SelectionAlertViewTests" */;
			buildPhases = (
				3D582AF32844A16700DC76C1 /* Sources */,
				3D582AF42844A16700DC76C1 /* Frameworks */,
				3D582AF52844A16700DC76C1 /* Resources */,
			);
			buildRules = (
			);
			dependencies = (
				3D582AF92844A16700DC76C1 /* PBXTargetDependency */,
			);
			name = SelectionAlertViewTests;
			productName = SelectionAlertViewTests;
			productReference = 3D582AF72844A16700DC76C1 /* SelectionAlertViewTests.xctest */;
			productType = "com.apple.product-type.bundle.unit-test";
		};
		3D582B012844A16700DC76C1 /* SelectionAlertViewUITests */ = {
			isa = PBXNativeTarget;
			buildConfigurationList = 3D582B112844A16800DC76C1 /* Build configuration list for PBXNativeTarget "SelectionAlertViewUITests" */;
			buildPhases = (
				3D582AFE2844A16700DC76C1 /* Sources */,
				3D582AFF2844A16700DC76C1 /* Frameworks */,
				3D582B002844A16700DC76C1 /* Resources */,
			);
			buildRules = (
			);
			dependencies = (
				3D582B042844A16700DC76C1 /* PBXTargetDependency */,
			);
			name = SelectionAlertViewUITests;
			productName = SelectionAlertViewUITests;
			productReference = 3D582B022844A16700DC76C1 /* SelectionAlertViewUITests.xctest */;
			productType = "com.apple.product-type.bundle.ui-testing";
		};
/* End PBXNativeTarget section */

/* Begin PBXProject section */
		3D582AD62844A16400DC76C1 /* Project object */ = {
			isa = PBXProject;
			attributes = {
				LastSwiftUpdateCheck = 1230;
				LastUpgradeCheck = 1230;
				TargetAttributes = {
					3D582ADD2844A16400DC76C1 = {
						CreatedOnToolsVersion = 12.3;
					};
					3D582AF62844A16700DC76C1 = {
						CreatedOnToolsVersion = 12.3;
						TestTargetID = 3D582ADD2844A16400DC76C1;
					};
					3D582B012844A16700DC76C1 = {
						CreatedOnToolsVersion = 12.3;
						TestTargetID = 3D582ADD2844A16400DC76C1;
					};
				};
			};
			buildConfigurationList = 3D582AD92844A16400DC76C1 /* Build configuration list for PBXProject "SelectionAlertView" */;
			compatibilityVersion = "Xcode 9.3";
			developmentRegion = en;
			hasScannedForEncodings = 0;
			knownRegions = (
				en,
				Base,
			);
			mainGroup = 3D582AD52844A16400DC76C1;
			productRefGroup = 3D582ADF2844A16400DC76C1 /* Products */;
			projectDirPath = "";
			projectRoot = "";
			targets = (
				3D582ADD2844A16400DC76C1 /* SelectionAlertView */,
				3D582AF62844A16700DC76C1 /* SelectionAlertViewTests */,
				3D582B012844A16700DC76C1 /* SelectionAlertViewUITests */,
			);
		};
/* End PBXProject section */

/* Begin PBXResourcesBuildPhase section */
		3D582ADC2844A16400DC76C1 /* Resources */ = {
			isa = PBXResourcesBuildPhase;
			buildActionMask = 2147483647;
			files = (
				3D582AF12844A16700DC76C1 /* LaunchScreen.storyboard in Resources */,
				3D582AEE2844A16700DC76C1 /* Assets.xcassets in Resources */,
				3D582AE92844A16400DC76C1 /* Main.storyboard in Resources */,
			);
			runOnlyForDeploymentPostprocessing = 0;
		};
		3D582AF52844A16700DC76C1 /* Resources */ = {
			isa = PBXResourcesBuildPhase;
			buildActionMask = 2147483647;
			files = (
			);
			runOnlyForDeploymentPostprocessing = 0;
		};
		3D582B002844A16700DC76C1 /* Resources */ = {
			isa = PBXResourcesBuildPhase;
			buildActionMask = 2147483647;
			files = (
			);
			runOnlyForDeploymentPostprocessing = 0;
		};
/* End PBXResourcesBuildPhase section */

/* Begin PBXSourcesBuildPhase section */
		3D582ADA2844A16400DC76C1 /* Sources */ = {
			isa = PBXSourcesBuildPhase;
			buildActionMask = 2147483647;
			files = (
				3D582AEC2844A16400DC76C1 /* SelectionAlertView.xcdatamodeld in Sources */,
				3D582AE62844A16400DC76C1 /* ViewController.swift in Sources */,
				3D582AE22844A16400DC76C1 /* AppDelegate.swift in Sources */,
				3D582AE42844A16400DC76C1 /* SceneDelegate.swift in Sources */,
			);
			runOnlyForDeploymentPostprocessing = 0;
		};
		3D582AF32844A16700DC76C1 /* Sources */ = {
			isa = PBXSourcesBuildPhase;
			buildActionMask = 2147483647;
			files = (
				3D582AFC2844A16700DC76C1 /* SelectionAlertViewTests.swift in Sources */,
			);
			runOnlyForDeploymentPostprocessing = 0;
		};
		3D582AFE2844A16700DC76C1 /* Sources */ = {
			isa = PBXSourcesBuildPhase;
			buildActionMask = 2147483647;
			files = (
				3D582B072844A16700DC76C1 /* SelectionAlertViewUITests.swift in Sources */,
			);
			runOnlyForDeploymentPostprocessing = 0;
		};
/* End PBXSourcesBuildPhase section */

/* Begin PBXTargetDependency section */
		3D582AF92844A16700DC76C1 /* PBXTargetDependency */ = {
			isa = PBXTargetDependency;
			target = 3D582ADD2844A16400DC76C1 /* SelectionAlertView */;
			targetProxy = 3D582AF82844A16700DC76C1 /* PBXContainerItemProxy */;
		};
		3D582B042844A16700DC76C1 /* PBXTargetDependency */ = {
			isa = PBXTargetDependency;
			target = 3D582ADD2844A16400DC76C1 /* SelectionAlertView */;
			targetProxy = 3D582B032844A16700DC76C1 /* PBXContainerItemProxy */;
		};
/* End PBXTargetDependency section */

/* Begin PBXVariantGroup section */
		3D582AE72844A16400DC76C1 /* Main.storyboard */ = {
			isa = PBXVariantGroup;
			children = (
				3D582AE82844A16400DC76C1 /* Base */,
			);
			name = Main.storyboard;
			sourceTree = "<group>";
		};
		3D582AEF2844A16700DC76C1 /* LaunchScreen.storyboard */ = {
			isa = PBXVariantGroup;
			children = (
				3D582AF02844A16700DC76C1 /* Base */,
			);
			name = LaunchScreen.storyboard;
			sourceTree = "<group>";
		};
/* End PBXVariantGroup section */

/* Begin XCBuildConfiguration section */
		3D582B092844A16700DC76C1 /* Debug */ = {
			isa = XCBuildConfiguration;
			buildSettings = {
				ALWAYS_SEARCH_USER_PATHS = NO;
				CLANG_ANALYZER_NONNULL = YES;
				CLANG_ANALYZER_NUMBER_OBJECT_CONVERSION = YES_AGGRESSIVE;
				CLANG_CXX_LANGUAGE_STANDARD = "gnu++14";
				CLANG_CXX_LIBRARY = "libc++";
				CLANG_ENABLE_MODULES = YES;
				CLANG_ENABLE_OBJC_ARC = YES;
				CLANG_ENABLE_OBJC_WEAK = YES;
				CLANG_WARN_BLOCK_CAPTURE_AUTORELEASING = YES;
				CLANG_WARN_BOOL_CONVERSION = YES;
				CLANG_WARN_COMMA = YES;
				CLANG_WARN_CONSTANT_CONVERSION = YES;
				CLANG_WARN_DEPRECATED_OBJC_IMPLEMENTATIONS = YES;
				CLANG_WARN_DIRECT_OBJC_ISA_USAGE = YES_ERROR;
				CLANG_WARN_DOCUMENTATION_COMMENTS = YES;
				CLANG_WARN_EMPTY_BODY = YES;
				CLANG_WARN_ENUM_CONVERSION = YES;
				CLANG_WARN_INFINITE_RECURSION = YES;
				CLANG_WARN_INT_CONVERSION = YES;
				CLANG_WARN_NON_LITERAL_NULL_CONVERSION = YES;
				CLANG_WARN_OBJC_IMPLICIT_RETAIN_SELF = YES;
				CLANG_WARN_OBJC_LITERAL_CONVERSION = YES;
				CLANG_WARN_OBJC_ROOT_CLASS = YES_ERROR;
				CLANG_WARN_QUOTED_INCLUDE_IN_FRAMEWORK_HEADER = YES;
				CLANG_WARN_RANGE_LOOP_ANALYSIS = YES;
				CLANG_WARN_STRICT_PROTOTYPES = YES;
				CLANG_WARN_SUSPICIOUS_MOVE = YES;
				CLANG_WARN_UNGUARDED_AVAILABILITY = YES_AGGRESSIVE;
				CLANG_WARN_UNREACHABLE_CODE = YES;
				CLANG_WARN__DUPLICATE_METHOD_MATCH = YES;
				COPY_PHASE_STRIP = NO;
				DEBUG_INFORMATION_FORMAT = dwarf;
				ENABLE_STRICT_OBJC_MSGSEND = YES;
				ENABLE_TESTABILITY = YES;
				GCC_C_LANGUAGE_STANDARD = gnu11;
				GCC_DYNAMIC_NO_PIC = NO;
				GCC_NO_COMMON_BLOCKS = YES;
				GCC_OPTIMIZATION_LEVEL = 0;
				GCC_PREPROCESSOR_DEFINITIONS = (
					"DEBUG=1",
					"$(inherited)",
				);
				GCC_WARN_64_TO_32_BIT_CONVERSION = YES;
				GCC_WARN_ABOUT_RETURN_TYPE = YES_ERROR;
				GCC_WARN_UNDECLARED_SELECTOR = YES;
				GCC_WARN_UNINITIALIZED_AUTOS = YES_AGGRESSIVE;
				GCC_WARN_UNUSED_FUNCTION = YES;
				GCC_WARN_UNUSED_VARIABLE = YES;
				IPHONEOS_DEPLOYMENT_TARGET = 14.3;
				MTL_ENABLE_DEBUG_INFO = INCLUDE_SOURCE;
				MTL_FAST_MATH = YES;
				ONLY_ACTIVE_ARCH = YES;
				SDKROOT = iphoneos;
				SWIFT_ACTIVE_COMPILATION_CONDITIONS = DEBUG;
				SWIFT_OPTIMIZATION_LEVEL = "-Onone";
			};
			name = Debug;
		};
		3D582B0A2844A16700DC76C1 /* Release */ = {
			isa = XCBuildConfiguration;
			buildSettings = {
				ALWAYS_SEARCH_USER_PATHS = NO;
				CLANG_ANALYZER_NONNULL = YES;
				CLANG_ANALYZER_NUMBER_OBJECT_CONVERSION = YES_AGGRESSIVE;
				CLANG_CXX_LANGUAGE_STANDARD = "gnu++14";
				CLANG_CXX_LIBRARY = "libc++";
				CLANG_ENABLE_MODULES = YES;
				CLANG_ENABLE_OBJC_ARC = YES;
				CLANG_ENABLE_OBJC_WEAK = YES;
				CLANG_WARN_BLOCK_CAPTURE_AUTORELEASING = YES;
				CLANG_WARN_BOOL_CONVERSION = YES;
				CLANG_WARN_COMMA = YES;
				CLANG_WARN_CONSTANT_CONVERSION = YES;
				CLANG_WARN_DEPRECATED_OBJC_IMPLEMENTATIONS = YES;
				CLANG_WARN_DIRECT_OBJC_ISA_USAGE = YES_ERROR;
				CLANG_WARN_DOCUMENTATION_COMMENTS = YES;
				CLANG_WARN_EMPTY_BODY = YES;
				CLANG_WARN_ENUM_CONVERSION = YES;
				CLANG_WARN_INFINITE_RECURSION = YES;
				CLANG_WARN_INT_CONVERSION = YES;
				CLANG_WARN_NON_LITERAL_NULL_CONVERSION = YES;
				CLANG_WARN_OBJC_IMPLICIT_RETAIN_SELF = YES;
				CLANG_WARN_OBJC_LITERAL_CONVERSION = YES;
				CLANG_WARN_OBJC_ROOT_CLASS = YES_ERROR;
				CLANG_WARN_QUOTED_INCLUDE_IN_FRAMEWORK_HEADER = YES;
				CLANG_WARN_RANGE_LOOP_ANALYSIS = YES;
				CLANG_WARN_STRICT_PROTOTYPES = YES;
				CLANG_WARN_SUSPICIOUS_MOVE = YES;
				CLANG_WARN_UNGUARDED_AVAILABILITY = YES_AGGRESSIVE;
				CLANG_WARN_UNREACHABLE_CODE = YES;
				CLANG_WARN__DUPLICATE_METHOD_MATCH = YES;
				COPY_PHASE_STRIP = NO;
				DEBUG_INFORMATION_FORMAT = "dwarf-with-dsym";
				ENABLE_NS_ASSERTIONS = NO;
				ENABLE_STRICT_OBJC_MSGSEND = YES;
				GCC_C_LANGUAGE_STANDARD = gnu11;
				GCC_NO_COMMON_BLOCKS = YES;
				GCC_WARN_64_TO_32_BIT_CONVERSION = YES;
				GCC_WARN_ABOUT_RETURN_TYPE = YES_ERROR;
				GCC_WARN_UNDECLARED_SELECTOR = YES;
				GCC_WARN_UNINITIALIZED_AUTOS = YES_AGGRESSIVE;
				GCC_WARN_UNUSED_FUNCTION = YES;
				GCC_WARN_UNUSED_VARIABLE = YES;
				IPHONEOS_DEPLOYMENT_TARGET = 14.3;
				MTL_ENABLE_DEBUG_INFO = NO;
				MTL_FAST_MATH = YES;
				SDKROOT = iphoneos;
				SWIFT_COMPILATION_MODE = wholemodule;
				SWIFT_OPTIMIZATION_LEVEL = "-O";
				VALIDATE_PRODUCT = YES;
			};
			name = Release;
		};
		3D582B0C2844A16800DC76C1 /* Debug */ = {
			isa = XCBuildConfiguration;
			buildSettings = {
				ASSETCATALOG_COMPILER_APPICON_NAME = AppIcon;
				ASSETCATALOG_COMPILER_GLOBAL_ACCENT_COLOR_NAME = AccentColor;
				CODE_SIGN_STYLE = Automatic;
				DEVELOPMENT_TEAM = M6Q9FV3GHT;
				INFOPLIST_FILE = SelectionAlertView/Info.plist;
				LD_RUNPATH_SEARCH_PATHS = (
					"$(inherited)",
					"@executable_path/Frameworks",
				);
				PRODUCT_BUNDLE_IDENTIFIER = com.selectionalertview.SelectionAlertView;
				PRODUCT_NAME = "$(TARGET_NAME)";
				SWIFT_VERSION = 5.0;
				TARGETED_DEVICE_FAMILY = "1,2";
			};
			name = Debug;
		};
		3D582B0D2844A16800DC76C1 /* Release */ = {
			isa = XCBuildConfiguration;
			buildSettings = {
				ASSETCATALOG_COMPILER_APPICON_NAME = AppIcon;
				ASSETCATALOG_COMPILER_GLOBAL_ACCENT_COLOR_NAME = AccentColor;
				CODE_SIGN_STYLE = Automatic;
				DEVELOPMENT_TEAM = M6Q9FV3GHT;
				INFOPLIST_FILE = SelectionAlertView/Info.plist;
				LD_RUNPATH_SEARCH_PATHS = (
					"$(inherited)",
					"@executable_path/Frameworks",
				);
				PRODUCT_BUNDLE_IDENTIFIER = com.selectionalertview.SelectionAlertView;
				PRODUCT_NAME = "$(TARGET_NAME)";
				SWIFT_VERSION = 5.0;
				TARGETED_DEVICE_FAMILY = "1,2";
			};
			name = Release;
		};
		3D582B0F2844A16800DC76C1 /* Debug */ = {
			isa = XCBuildConfiguration;
			buildSettings = {
				ALWAYS_EMBED_SWIFT_STANDARD_LIBRARIES = YES;
				BUNDLE_LOADER = "$(TEST_HOST)";
				CODE_SIGN_STYLE = Automatic;
				DEVELOPMENT_TEAM = M6Q9FV3GHT;
				INFOPLIST_FILE = SelectionAlertViewTests/Info.plist;
				IPHONEOS_DEPLOYMENT_TARGET = 14.3;
				LD_RUNPATH_SEARCH_PATHS = (
					"$(inherited)",
					"@executable_path/Frameworks",
					"@loader_path/Frameworks",
				);
				PRODUCT_BUNDLE_IDENTIFIER = com.selectionalertview.SelectionAlertViewTests;
				PRODUCT_NAME = "$(TARGET_NAME)";
				SWIFT_VERSION = 5.0;
				TARGETED_DEVICE_FAMILY = "1,2";
				TEST_HOST = "$(BUILT_PRODUCTS_DIR)/SelectionAlertView.app/SelectionAlertView";
			};
			name = Debug;
		};
		3D582B102844A16800DC76C1 /* Release */ = {
			isa = XCBuildConfiguration;
			buildSettings = {
				ALWAYS_EMBED_SWIFT_STANDARD_LIBRARIES = YES;
				BUNDLE_LOADER = "$(TEST_HOST)";
				CODE_SIGN_STYLE = Automatic;
				DEVELOPMENT_TEAM = M6Q9FV3GHT;
				INFOPLIST_FILE = SelectionAlertViewTests/Info.plist;
				IPHONEOS_DEPLOYMENT_TARGET = 14.3;
				LD_RUNPATH_SEARCH_PATHS = (
					"$(inherited)",
					"@executable_path/Frameworks",
					"@loader_path/Frameworks",
				);
				PRODUCT_BUNDLE_IDENTIFIER = com.selectionalertview.SelectionAlertViewTests;
				PRODUCT_NAME = "$(TARGET_NAME)";
				SWIFT_VERSION = 5.0;
				TARGETED_DEVICE_FAMILY = "1,2";
				TEST_HOST = "$(BUILT_PRODUCTS_DIR)/SelectionAlertView.app/SelectionAlertView";
			};
			name = Release;
		};
		3D582B122844A16800DC76C1 /* Debug */ = {
			isa = XCBuildConfiguration;
			buildSettings = {
				ALWAYS_EMBED_SWIFT_STANDARD_LIBRARIES = YES;
				CODE_SIGN_STYLE = Automatic;
				DEVELOPMENT_TEAM = M6Q9FV3GHT;
				INFOPLIST_FILE = SelectionAlertViewUITests/Info.plist;
				LD_RUNPATH_SEARCH_PATHS = (
					"$(inherited)",
					"@executable_path/Frameworks",
					"@loader_path/Frameworks",
				);
				PRODUCT_BUNDLE_IDENTIFIER = com.selectionalertview.SelectionAlertViewUITests;
				PRODUCT_NAME = "$(TARGET_NAME)";
				SWIFT_VERSION = 5.0;
				TARGETED_DEVICE_FAMILY = "1,2";
				TEST_TARGET_NAME = SelectionAlertView;
			};
			name = Debug;
		};
		3D582B132844A16800DC76C1 /* Release */ = {
			isa = XCBuildConfiguration;
			buildSettings = {
				ALWAYS_EMBED_SWIFT_STANDARD_LIBRARIES = YES;
				CODE_SIGN_STYLE = Automatic;
				DEVELOPMENT_TEAM = M6Q9FV3GHT;
				INFOPLIST_FILE = SelectionAlertViewUITests/Info.plist;
				LD_RUNPATH_SEARCH_PATHS = (
					"$(inherited)",
					"@executable_path/Frameworks",
					"@loader_path/Frameworks",
				);
				PRODUCT_BUNDLE_IDENTIFIER = com.selectionalertview.SelectionAlertViewUITests;
				PRODUCT_NAME = "$(TARGET_NAME)";
				SWIFT_VERSION = 5.0;
				TARGETED_DEVICE_FAMILY = "1,2";
				TEST_TARGET_NAME = SelectionAlertView;
			};
			name = Release;
		};
/* End XCBuildConfiguration section */

/* Begin XCConfigurationList section */
		3D582AD92844A16400DC76C1 /* Build configuration list for PBXProject "SelectionAlertView" */ = {
			isa = XCConfigurationList;
			buildConfigurations = (
				3D582B092844A16700DC76C1 /* Debug */,
				3D582B0A2844A16700DC76C1 /* Release */,
			);
			defaultConfigurationIsVisible = 0;
			defaultConfigurationName = Release;
		};
		3D582B0B2844A16800DC76C1 /* Build configuration list for PBXNativeTarget "SelectionAlertView" */ = {
			isa = XCConfigurationList;
			buildConfigurations = (
				3D582B0C2844A16800DC76C1 /* Debug */,
				3D582B0D2844A16800DC76C1 /* Release */,
			);
			defaultConfigurationIsVisible = 0;
			defaultConfigurationName = Release;
		};
		3D582B0E2844A16800DC76C1 /* Build configuration list for PBXNativeTarget "SelectionAlertViewTests" */ = {
			isa = XCConfigurationList;
			buildConfigurations = (
				3D582B0F2844A16800DC76C1 /* Debug */,
				3D582B102844A16800DC76C1 /* Release */,
			);
			defaultConfigurationIsVisible = 0;
			defaultConfigurationName = Release;
		};
		3D582B112844A16800DC76C1 /* Build configuration list for PBXNativeTarget "SelectionAlertViewUITests" */ = {
			isa = XCConfigurationList;
			buildConfigurations = (
				3D582B122844A16800DC76C1 /* Debug */,
				3D582B132844A16800DC76C1 /* Release */,
			);
			defaultConfigurationIsVisible = 0;
			defaultConfigurationName = Release;
		};
/* End XCConfigurationList section */

/* Begin XCVersionGroup section */
		3D582AEA2844A16400DC76C1 /* SelectionAlertView.xcdatamodeld */ = {
			isa = XCVersionGroup;
			children = (
				3D582AEB2844A16400DC76C1 /* SelectionAlertView.xcdatamodel */,
			);
			currentVersion = 3D582AEB2844A16400DC76C1 /* SelectionAlertView.xcdatamodel */;
			path = SelectionAlertView.xcdatamodeld;
			sourceTree = "<group>";
			versionGroupType = wrapper.xcdatamodel;
		};
/* End XCVersionGroup section */
	};
	rootObject = 3D582AD62844A16400DC76C1 /* Project object */;
}
